// !$*UTF8*$!
{
	archiveVersion = 1;
	classes = {
	};
	objectVersion = 55;
	objects = {

/* Begin PBXBuildFile section */
		599FB5592816616300DAC2D1 /* AppDelegate.swift in Sources */ = {isa = PBXBuildFile; fileRef = 599FB5582816616300DAC2D1 /* AppDelegate.swift */; };
		599FB55D2816616300DAC2D1 /* ViewController.swift in Sources */ = {isa = PBXBuildFile; fileRef = 599FB55C2816616300DAC2D1 /* ViewController.swift */; };
		599FB5602816616300DAC2D1 /* Main.storyboard in Resources */ = {isa = PBXBuildFile; fileRef = 599FB55E2816616300DAC2D1 /* Main.storyboard */; };
		599FB5622816616300DAC2D1 /* Assets.xcassets in Resources */ = {isa = PBXBuildFile; fileRef = 599FB5612816616300DAC2D1 /* Assets.xcassets */; };
		599FB5652816616300DAC2D1 /* LaunchScreen.storyboard in Resources */ = {isa = PBXBuildFile; fileRef = 599FB5632816616300DAC2D1 /* LaunchScreen.storyboard */; };
		599FB56E281664CA00DAC2D1 /* Cleanse in Frameworks */ = {isa = PBXBuildFile; productRef = 599FB56D281664CA00DAC2D1 /* Cleanse */; };
		65B8C46CF67D64A2923354EE /* AppComponent.swift in Sources */ = {isa = PBXBuildFile; fileRef = 65B8C5076F2803A9389F233D /* AppComponent.swift */; };
		65B8C6457D6640B2F506FF83 /* RepositoryB.swift in Sources */ = {isa = PBXBuildFile; fileRef = 65B8C8C81E3F7270F07B6EA0 /* RepositoryB.swift */; };
		65B8C6877BC926A39557E20F /* RepositoryC.swift in Sources */ = {isa = PBXBuildFile; fileRef = 65B8CDC355E4BF11A89295E1 /* RepositoryC.swift */; };
		65B8C6F426857902631EF3A1 /* SingletonScope.swift in Sources */ = {isa = PBXBuildFile; fileRef = 65B8C61D3CEADEA1E49270F3 /* SingletonScope.swift */; };
		65B8C7032705EFB8829599C6 /* RepositoryD.swift in Sources */ = {isa = PBXBuildFile; fileRef = 65B8CEF1CF44CCADB4D340DA /* RepositoryD.swift */; };
		65B8CFB66EE898D7310BFC0E /* RepositoryA.swift in Sources */ = {isa = PBXBuildFile; fileRef = 65B8C5FACBBCA841F08AEF4E /* RepositoryA.swift */; };
/* End PBXBuildFile section */

/* Begin PBXFileReference section */
		599FB5552816616300DAC2D1 /* cleanse-test.app */ = {isa = PBXFileReference; explicitFileType = wrapper.application; includeInIndex = 0; path = "cleanse-test.app"; sourceTree = BUILT_PRODUCTS_DIR; };
		599FB5582816616300DAC2D1 /* AppDelegate.swift */ = {isa = PBXFileReference; lastKnownFileType = sourcecode.swift; path = AppDelegate.swift; sourceTree = "<group>"; };
		599FB55C2816616300DAC2D1 /* ViewController.swift */ = {isa = PBXFileReference; lastKnownFileType = sourcecode.swift; path = ViewController.swift; sourceTree = "<group>"; };
		599FB55F2816616300DAC2D1 /* Base */ = {isa = PBXFileReference; lastKnownFileType = file.storyboard; name = Base; path = Base.lproj/Main.storyboard; sourceTree = "<group>"; };
		599FB5612816616300DAC2D1 /* Assets.xcassets */ = {isa = PBXFileReference; lastKnownFileType = folder.assetcatalog; path = Assets.xcassets; sourceTree = "<group>"; };
		599FB5642816616300DAC2D1 /* Base */ = {isa = PBXFileReference; lastKnownFileType = file.storyboard; name = Base; path = Base.lproj/LaunchScreen.storyboard; sourceTree = "<group>"; };
		599FB5662816616300DAC2D1 /* Info.plist */ = {isa = PBXFileReference; lastKnownFileType = text.plist.xml; path = Info.plist; sourceTree = "<group>"; };
		65B8C5076F2803A9389F233D /* AppComponent.swift */ = {isa = PBXFileReference; fileEncoding = 4; lastKnownFileType = sourcecode.swift; path = AppComponent.swift; sourceTree = "<group>"; };
		65B8C5FACBBCA841F08AEF4E /* RepositoryA.swift */ = {isa = PBXFileReference; fileEncoding = 4; lastKnownFileType = sourcecode.swift; path = RepositoryA.swift; sourceTree = "<group>"; };
		65B8C61D3CEADEA1E49270F3 /* SingletonScope.swift */ = {isa = PBXFileReference; fileEncoding = 4; lastKnownFileType = sourcecode.swift; path = SingletonScope.swift; sourceTree = "<group>"; };
		65B8C8C81E3F7270F07B6EA0 /* RepositoryB.swift */ = {isa = PBXFileReference; fileEncoding = 4; lastKnownFileType = sourcecode.swift; path = RepositoryB.swift; sourceTree = "<group>"; };
		65B8CDC355E4BF11A89295E1 /* RepositoryC.swift */ = {isa = PBXFileReference; fileEncoding = 4; lastKnownFileType = sourcecode.swift; path = RepositoryC.swift; sourceTree = "<group>"; };
		65B8CEF1CF44CCADB4D340DA /* RepositoryD.swift */ = {isa = PBXFileReference; fileEncoding = 4; lastKnownFileType = sourcecode.swift; path = RepositoryD.swift; sourceTree = "<group>"; };
/* End PBXFileReference section */

/* Begin PBXFrameworksBuildPhase section */
		599FB5522816616300DAC2D1 /* Frameworks */ = {
			isa = PBXFrameworksBuildPhase;
			buildActionMask = 2147483647;
			files = (
				599FB56E281664CA00DAC2D1 /* Cleanse in Frameworks */,
			);
			runOnlyForDeploymentPostprocessing = 0;
		};
/* End PBXFrameworksBuildPhase section */

/* Begin PBXGroup section */
		599FB54C2816616300DAC2D1 = {
			isa = PBXGroup;
			children = (
				599FB5572816616300DAC2D1 /* cleanse-test */,
				599FB5562816616300DAC2D1 /* Products */,
			);
			sourceTree = "<group>";
		};
		599FB5562816616300DAC2D1 /* Products */ = {
			isa = PBXGroup;
			children = (
				599FB5552816616300DAC2D1 /* cleanse-test.app */,
			);
			name = Products;
			sourceTree = "<group>";
		};
		599FB5572816616300DAC2D1 /* cleanse-test */ = {
			isa = PBXGroup;
			children = (
				599FB5582816616300DAC2D1 /* AppDelegate.swift */,
				599FB55C2816616300DAC2D1 /* ViewController.swift */,
				599FB55E2816616300DAC2D1 /* Main.storyboard */,
				599FB5612816616300DAC2D1 /* Assets.xcassets */,
				599FB5632816616300DAC2D1 /* LaunchScreen.storyboard */,
				599FB5662816616300DAC2D1 /* Info.plist */,
				65B8C773F4C9EF74447216D2 /* Cleanse */,
				65B8C2A15938FE7E1BCAA10F /* Repository */,
			);
			path = "cleanse-test";
			sourceTree = "<group>";
		};
		65B8C2A15938FE7E1BCAA10F /* Repository */ = {
			isa = PBXGroup;
			children = (
				65B8C5FACBBCA841F08AEF4E /* RepositoryA.swift */,
				65B8C8C81E3F7270F07B6EA0 /* RepositoryB.swift */,
				65B8CDC355E4BF11A89295E1 /* RepositoryC.swift */,
				65B8CEF1CF44CCADB4D340DA /* RepositoryD.swift */,
			);
			path = Repository;
			sourceTree = "<group>";
		};
		65B8C773F4C9EF74447216D2 /* Cleanse */ = {
			isa = PBXGroup;
			children = (
				65B8C61D3CEADEA1E49270F3 /* SingletonScope.swift */,
				65B8C5076F2803A9389F233D /* AppComponent.swift */,
			);
			path = Cleanse;
			sourceTree = "<group>";
		};
/* End PBXGroup section */

/* Begin PBXNativeTarget section */
		599FB5542816616300DAC2D1 /* cleanse-test */ = {
			isa = PBXNativeTarget;
			buildConfigurationList = 599FB5692816616300DAC2D1 /* Build configuration list for PBXNativeTarget "cleanse-test" */;
			buildPhases = (
				599FB5512816616300DAC2D1 /* Sources */,
				599FB5522816616300DAC2D1 /* Frameworks */,
				599FB5532816616300DAC2D1 /* Resources */,
			);
			buildRules = (
			);
			dependencies = (
			);
			name = "cleanse-test";
			packageProductDependencies = (
				599FB56D281664CA00DAC2D1 /* Cleanse */,
			);
			productName = "cleanse-test";
			productReference = 599FB5552816616300DAC2D1 /* cleanse-test.app */;
			productType = "com.apple.product-type.application";
		};
/* End PBXNativeTarget section */

/* Begin PBXProject section */
		599FB54D2816616300DAC2D1 /* Project object */ = {
			isa = PBXProject;
			attributes = {
				BuildIndependentTargetsInParallel = 1;
				LastSwiftUpdateCheck = 1330;
				LastUpgradeCheck = 1330;
				TargetAttributes = {
					599FB5542816616300DAC2D1 = {
						CreatedOnToolsVersion = 13.3.1;
					};
				};
			};
			buildConfigurationList = 599FB5502816616300DAC2D1 /* Build configuration list for PBXProject "cleanse-test" */;
			compatibilityVersion = "Xcode 13.0";
			developmentRegion = en;
			hasScannedForEncodings = 0;
			knownRegions = (
				en,
				Base,
			);
			mainGroup = 599FB54C2816616300DAC2D1;
			packageReferences = (
				599FB56C281664CA00DAC2D1 /* XCRemoteSwiftPackageReference "Cleanse" */,
			);
			productRefGroup = 599FB5562816616300DAC2D1 /* Products */;
			projectDirPath = "";
			projectRoot = "";
			targets = (
				599FB5542816616300DAC2D1 /* cleanse-test */,
			);
		};
/* End PBXProject section */

/* Begin PBXResourcesBuildPhase section */
		599FB5532816616300DAC2D1 /* Resources */ = {
			isa = PBXResourcesBuildPhase;
			buildActionMask = 2147483647;
			files = (
				599FB5652816616300DAC2D1 /* LaunchScreen.storyboard in Resources */,
				599FB5622816616300DAC2D1 /* Assets.xcassets in Resources */,
				599FB5602816616300DAC2D1 /* Main.storyboard in Resources */,
			);
			runOnlyForDeploymentPostprocessing = 0;
		};
/* End PBXResourcesBuildPhase section */

/* Begin PBXSourcesBuildPhase section */
		599FB5512816616300DAC2D1 /* Sources */ = {
			isa = PBXSourcesBuildPhase;
			buildActionMask = 2147483647;
			files = (
				599FB55D2816616300DAC2D1 /* ViewController.swift in Sources */,
				599FB5592816616300DAC2D1 /* AppDelegate.swift in Sources */,
				65B8C6F426857902631EF3A1 /* SingletonScope.swift in Sources */,
				65B8C46CF67D64A2923354EE /* AppComponent.swift in Sources */,
				65B8CFB66EE898D7310BFC0E /* RepositoryA.swift in Sources */,
				65B8C6457D6640B2F506FF83 /* RepositoryB.swift in Sources */,
				65B8C6877BC926A39557E20F /* RepositoryC.swift in Sources */,
				65B8C7032705EFB8829599C6 /* RepositoryD.swift in Sources */,
			);
			runOnlyForDeploymentPostprocessing = 0;
		};
/* End PBXSourcesBuildPhase section */

/* Begin PBXVariantGroup section */
		599FB55E2816616300DAC2D1 /* Main.storyboard */ = {
			isa = PBXVariantGroup;
			children = (
				599FB55F2816616300DAC2D1 /* Base */,
			);
			name = Main.storyboard;
			sourceTree = "<group>";
		};
		599FB5632816616300DAC2D1 /* LaunchScreen.storyboard */ = {
			isa = PBXVariantGroup;
			children = (
				599FB5642816616300DAC2D1 /* Base */,
			);
			name = LaunchScreen.storyboard;
			sourceTree = "<group>";
		};
/* End PBXVariantGroup section */

/* Begin XCBuildConfiguration section */
		599FB5672816616300DAC2D1 /* Debug */ = {
			isa = XCBuildConfiguration;
			buildSettings = {
				ALWAYS_SEARCH_USER_PATHS = NO;
				CLANG_ANALYZER_NONNULL = YES;
				CLANG_ANALYZER_NUMBER_OBJECT_CONVERSION = YES_AGGRESSIVE;
				CLANG_CXX_LANGUAGE_STANDARD = "gnu++17";
				CLANG_ENABLE_MODULES = YES;
				CLANG_ENABLE_OBJC_ARC = YES;
				CLANG_ENABLE_OBJC_WEAK = YES;
				CLANG_WARN_BLOCK_CAPTURE_AUTORELEASING = YES;
				CLANG_WARN_BOOL_CONVERSION = YES;
				CLANG_WARN_COMMA = YES;
				CLANG_WARN_CONSTANT_CONVERSION = YES;
				CLANG_WARN_DEPRECATED_OBJC_IMPLEMENTATIONS = YES;
				CLANG_WARN_DIRECT_OBJC_ISA_USAGE = YES_ERROR;
				CLANG_WARN_DOCUMENTATION_COMMENTS = YES;
				CLANG_WARN_EMPTY_BODY = YES;
				CLANG_WARN_ENUM_CONVERSION = YES;
				CLANG_WARN_INFINITE_RECURSION = YES;
				CLANG_WARN_INT_CONVERSION = YES;
				CLANG_WARN_NON_LITERAL_NULL_CONVERSION = YES;
				CLANG_WARN_OBJC_IMPLICIT_RETAIN_SELF = YES;
				CLANG_WARN_OBJC_LITERAL_CONVERSION = YES;
				CLANG_WARN_OBJC_ROOT_CLASS = YES_ERROR;
				CLANG_WARN_QUOTED_INCLUDE_IN_FRAMEWORK_HEADER = YES;
				CLANG_WARN_RANGE_LOOP_ANALYSIS = YES;
				CLANG_WARN_STRICT_PROTOTYPES = YES;
				CLANG_WARN_SUSPICIOUS_MOVE = YES;
				CLANG_WARN_UNGUARDED_AVAILABILITY = YES_AGGRESSIVE;
				CLANG_WARN_UNREACHABLE_CODE = YES;
				CLANG_WARN__DUPLICATE_METHOD_MATCH = YES;
				COPY_PHASE_STRIP = NO;
				DEBUG_INFORMATION_FORMAT = dwarf;
				ENABLE_STRICT_OBJC_MSGSEND = YES;
				ENABLE_TESTABILITY = YES;
				GCC_C_LANGUAGE_STANDARD = gnu11;
				GCC_DYNAMIC_NO_PIC = NO;
				GCC_NO_COMMON_BLOCKS = YES;
				GCC_OPTIMIZATION_LEVEL = 0;
				GCC_PREPROCESSOR_DEFINITIONS = (
					"DEBUG=1",
					"$(inherited)",
				);
				GCC_WARN_64_TO_32_BIT_CONVERSION = YES;
				GCC_WARN_ABOUT_RETURN_TYPE = YES_ERROR;
				GCC_WARN_UNDECLARED_SELECTOR = YES;
				GCC_WARN_UNINITIALIZED_AUTOS = YES_AGGRESSIVE;
				GCC_WARN_UNUSED_FUNCTION = YES;
				GCC_WARN_UNUSED_VARIABLE = YES;
				IPHONEOS_DEPLOYMENT_TARGET = 15.4;
				MTL_ENABLE_DEBUG_INFO = INCLUDE_SOURCE;
				MTL_FAST_MATH = YES;
				ONLY_ACTIVE_ARCH = YES;
				SDKROOT = iphoneos;
				SWIFT_ACTIVE_COMPILATION_CONDITIONS = DEBUG;
				SWIFT_OPTIMIZATION_LEVEL = "-Onone";
			};
			name = Debug;
		};
		599FB5682816616300DAC2D1 /* Release */ = {
			isa = XCBuildConfiguration;
			buildSettings = {
				ALWAYS_SEARCH_USER_PATHS = NO;
				CLANG_ANALYZER_NONNULL = YES;
				CLANG_ANALYZER_NUMBER_OBJECT_CONVERSION = YES_AGGRESSIVE;
				CLANG_CXX_LANGUAGE_STANDARD = "gnu++17";
				CLANG_ENABLE_MODULES = YES;
				CLANG_ENABLE_OBJC_ARC = YES;
				CLANG_ENABLE_OBJC_WEAK = YES;
				CLANG_WARN_BLOCK_CAPTURE_AUTORELEASING = YES;
				CLANG_WARN_BOOL_CONVERSION = YES;
				CLANG_WARN_COMMA = YES;
				CLANG_WARN_CONSTANT_CONVERSION = YES;
				CLANG_WARN_DEPRECATED_OBJC_IMPLEMENTATIONS = YES;
				CLANG_WARN_DIRECT_OBJC_ISA_USAGE = YES_ERROR;
				CLANG_WARN_DOCUMENTATION_COMMENTS = YES;
				CLANG_WARN_EMPTY_BODY = YES;
				CLANG_WARN_ENUM_CONVERSION = YES;
				CLANG_WARN_INFINITE_RECURSION = YES;
				CLANG_WARN_INT_CONVERSION = YES;
				CLANG_WARN_NON_LITERAL_NULL_CONVERSION = YES;
				CLANG_WARN_OBJC_IMPLICIT_RETAIN_SELF = YES;
				CLANG_WARN_OBJC_LITERAL_CONVERSION = YES;
				CLANG_WARN_OBJC_ROOT_CLASS = YES_ERROR;
				CLANG_WARN_QUOTED_INCLUDE_IN_FRAMEWORK_HEADER = YES;
				CLANG_WARN_RANGE_LOOP_ANALYSIS = YES;
				CLANG_WARN_STRICT_PROTOTYPES = YES;
				CLANG_WARN_SUSPICIOUS_MOVE = YES;
				CLANG_WARN_UNGUARDED_AVAILABILITY = YES_AGGRESSIVE;
				CLANG_WARN_UNREACHABLE_CODE = YES;
				CLANG_WARN__DUPLICATE_METHOD_MATCH = YES;
				COPY_PHASE_STRIP = NO;
				DEBUG_INFORMATION_FORMAT = "dwarf-with-dsym";
				ENABLE_NS_ASSERTIONS = NO;
				ENABLE_STRICT_OBJC_MSGSEND = YES;
				GCC_C_LANGUAGE_STANDARD = gnu11;
				GCC_NO_COMMON_BLOCKS = YES;
				GCC_WARN_64_TO_32_BIT_CONVERSION = YES;
				GCC_WARN_ABOUT_RETURN_TYPE = YES_ERROR;
				GCC_WARN_UNDECLARED_SELECTOR = YES;
				GCC_WARN_UNINITIALIZED_AUTOS = YES_AGGRESSIVE;
				GCC_WARN_UNUSED_FUNCTION = YES;
				GCC_WARN_UNUSED_VARIABLE = YES;
				IPHONEOS_DEPLOYMENT_TARGET = 15.4;
				MTL_ENABLE_DEBUG_INFO = NO;
				MTL_FAST_MATH = YES;
				SDKROOT = iphoneos;
				SWIFT_COMPILATION_MODE = wholemodule;
				SWIFT_OPTIMIZATION_LEVEL = "-O";
				VALIDATE_PRODUCT = YES;
			};
			name = Release;
		};
		599FB56A2816616300DAC2D1 /* Debug */ = {
			isa = XCBuildConfiguration;
			buildSettings = {
				ASSETCATALOG_COMPILER_APPICON_NAME = AppIcon;
				ASSETCATALOG_COMPILER_GLOBAL_ACCENT_COLOR_NAME = AccentColor;
				CODE_SIGN_STYLE = Automatic;
				CURRENT_PROJECT_VERSION = 1;
				DEVELOPMENT_TEAM = B425MK3DFB;
				GENERATE_INFOPLIST_FILE = YES;
				INFOPLIST_FILE = "cleanse-test/Info.plist";
				INFOPLIST_KEY_UIApplicationSupportsIndirectInputEvents = YES;
				INFOPLIST_KEY_UILaunchStoryboardName = LaunchScreen;
				INFOPLIST_KEY_UIMainStoryboardFile = Main;
				INFOPLIST_KEY_UISupportedInterfaceOrientations_iPad = "UIInterfaceOrientationPortrait UIInterfaceOrientationPortraitUpsideDown UIInterfaceOrientationLandscapeLeft UIInterfaceOrientationLandscapeRight";
				INFOPLIST_KEY_UISupportedInterfaceOrientations_iPhone = "UIInterfaceOrientationPortrait UIInterfaceOrientationLandscapeLeft UIInterfaceOrientationLandscapeRight";
				LD_RUNPATH_SEARCH_PATHS = (
					"$(inherited)",
					"@executable_path/Frameworks",
				);
				MARKETING_VERSION = 1.0;
				PRODUCT_BUNDLE_IDENTIFIER = "cleanse.test.cleanse-test";
				PRODUCT_NAME = "$(TARGET_NAME)";
				SWIFT_EMIT_LOC_STRINGS = YES;
				SWIFT_VERSION = 5.0;
				TARGETED_DEVICE_FAMILY = "1,2";
			};
			name = Debug;
		};
		599FB56B2816616300DAC2D1 /* Release */ = {
			isa = XCBuildConfiguration;
			buildSettings = {
				ASSETCATALOG_COMPILER_APPICON_NAME = AppIcon;
				ASSETCATALOG_COMPILER_GLOBAL_ACCENT_COLOR_NAME = AccentColor;
				CODE_SIGN_STYLE = Automatic;
				CURRENT_PROJECT_VERSION = 1;
				DEVELOPMENT_TEAM = B425MK3DFB;
				GENERATE_INFOPLIST_FILE = YES;
				INFOPLIST_FILE = "cleanse-test/Info.plist";
				INFOPLIST_KEY_UIApplicationSupportsIndirectInputEvents = YES;
				INFOPLIST_KEY_UILaunchStoryboardName = LaunchScreen;
				INFOPLIST_KEY_UIMainStoryboardFile = Main;
				INFOPLIST_KEY_UISupportedInterfaceOrientations_iPad = "UIInterfaceOrientationPortrait UIInterfaceOrientationPortraitUpsideDown UIInterfaceOrientationLandscapeLeft UIInterfaceOrientationLandscapeRight";
				INFOPLIST_KEY_UISupportedInterfaceOrientations_iPhone = "UIInterfaceOrientationPortrait UIInterfaceOrientationLandscapeLeft UIInterfaceOrientationLandscapeRight";
				LD_RUNPATH_SEARCH_PATHS = (
					"$(inherited)",
					"@executable_path/Frameworks",
				);
				MARKETING_VERSION = 1.0;
				PRODUCT_BUNDLE_IDENTIFIER = "cleanse.test.cleanse-test";
				PRODUCT_NAME = "$(TARGET_NAME)";
				SWIFT_EMIT_LOC_STRINGS = YES;
				SWIFT_VERSION = 5.0;
				TARGETED_DEVICE_FAMILY = "1,2";
			};
			name = Release;
		};
/* End XCBuildConfiguration section */

/* Begin XCConfigurationList section */
		599FB5502816616300DAC2D1 /* Build configuration list for PBXProject "cleanse-test" */ = {
			isa = XCConfigurationList;
			buildConfigurations = (
				599FB5672816616300DAC2D1 /* Debug */,
				599FB5682816616300DAC2D1 /* Release */,
			);
			defaultConfigurationIsVisible = 0;
			defaultConfigurationName = Release;
		};
		599FB5692816616300DAC2D1 /* Build configuration list for PBXNativeTarget "cleanse-test" */ = {
			isa = XCConfigurationList;
			buildConfigurations = (
				599FB56A2816616300DAC2D1 /* Debug */,
				599FB56B2816616300DAC2D1 /* Release */,
			);
			defaultConfigurationIsVisible = 0;
			defaultConfigurationName = Release;
		};
/* End XCConfigurationList section */

/* Begin XCRemoteSwiftPackageReference section */
		599FB56C281664CA00DAC2D1 /* XCRemoteSwiftPackageReference "Cleanse" */ = {
			isa = XCRemoteSwiftPackageReference;
			repositoryURL = "https://github.com/square/Cleanse";
			requirement = {
				kind = upToNextMajorVersion;
				minimumVersion = 4.0.0;
			};
		};
/* End XCRemoteSwiftPackageReference section */

/* Begin XCSwiftPackageProductDependency section */
		599FB56D281664CA00DAC2D1 /* Cleanse */ = {
			isa = XCSwiftPackageProductDependency;
			package = 599FB56C281664CA00DAC2D1 /* XCRemoteSwiftPackageReference "Cleanse" */;
			productName = Cleanse;
		};
/* End XCSwiftPackageProductDependency section */
	};
	rootObject = 599FB54D2816616300DAC2D1 /* Project object */;
}
